
Microsoft Visual Studio Solution File, Format Version 12.00
# Visual Studio Version 17
VisualStudioVersion = 17.0.31903.59
MinimumVisualStudioVersion = 10.0.40219.1
Project("{2150E333-8FDC-42A3-9474-1A3956D46DE8}") = "Application", "Application", "{5FF063C5-FE09-4EEE-8770-D1F1BB024C36}"
EndProject
Project("{2150E333-8FDC-42A3-9474-1A3956D46DE8}") = "Domain", "Domain", "{1B953614-E1EF-4E98-92AE-7466923C659D}"
EndProject
Project("{2150E333-8FDC-42A3-9474-1A3956D46DE8}") = "Infra.IOC", "Infra.IOC", "{3304C25B-1B03-4F88-8B10-0A896C178A58}"
EndProject
Project("{2150E333-8FDC-42A3-9474-1A3956D46DE8}") = "Infra.Data", "Infra.Data", "{954D98B3-9A65-4039-9778-463E2F394492}"
EndProject
Project("{2150E333-8FDC-42A3-9474-1A3956D46DE8}") = "Presentation", "Presentation", "{2303A4B8-6C3B-467A-8B5D-1A76BAB6F099}"
EndProject
Project("{9A19103F-16F7-4668-BE54-9A1E7A4F7556}") = "CleanArchDemo.Domain", "CleanArchDemo.Domain\CleanArchDemo.Domain.csproj", "{F8CCBF41-D359-4A24-8BE2-9789DFA7341F}"
EndProject
Project("{9A19103F-16F7-4668-BE54-9A1E7A4F7556}") = "CleanArchDemo.Mvc", "CleanArchDemo.Mvc\CleanArchDemo.Mvc.csproj", "{7BC33A39-5F76-4611-BBC2-436946989F72}"
EndProject
Project("{9A19103F-16F7-4668-BE54-9A1E7A4F7556}") = "CleanArchDemo.Infra.Data", "CleanArchDemo.Infra.Data\CleanArchDemo.Infra.Data.csproj", "{0A64C9C5-B997-4764-9F70-A3A767D5DEB5}"
EndProject
Project("{9A19103F-16F7-4668-BE54-9A1E7A4F7556}") = "CleanArchDemo.Application", "CleanArchDemo.Application\CleanArchDemo.Application.csproj", "{7E2130E5-7C3B-47BF-880A-ED52CE4C37B4}"
EndProject
Project("{9A19103F-16F7-4668-BE54-9A1E7A4F7556}") = "CleanArchDemo.Infra.IOC", "CleanArchDemo.Infra.IOC\CleanArchDemo.Infra.IOC.csproj", "{2E923136-0107-4D2A-8C05-CA088676BA8F}"
EndProject
Project("{2150E333-8FDC-42A3-9474-1A3956D46DE8}") = "Infra.Bus", "Infra.Bus", "{60CC0563-5FA6-460D-9AA4-32A8ED4B3C36}"
EndProject
Project("{2150E333-8FDC-42A3-9474-1A3956D46DE8}") = "Api", "Api", "{80D48C58-7AD7-4B66-B46B-D96A07C79CBE}"
EndProject
Project("{FAE04EC0-301F-11D3-BF4B-00C04F79EFBC}") = "CleanArchDemo.Infra.Bus", "CleanArchDemo.Infra.Bus\CleanArchDemo.Infra.Bus.csproj", "{69B17087-A709-4D8C-873C-DBFABCE75CCA}"
EndProject
Project("{FAE04EC0-301F-11D3-BF4B-00C04F79EFBC}") = "CleanArchDemo.Domain.Core", "CleanArchDemo.Domain.Core\CleanArchDemo.Domain.Core.csproj", "{25C2FF95-4C9D-4885-8ED6-A7F1C61CB06B}"
EndProject
Project("{FAE04EC0-301F-11D3-BF4B-00C04F79EFBC}") = "CleanArchDemo.Api", "CleanArchDemo.Api\CleanArchDemo.Api.csproj", "{637E4E04-7CAC-4989-82E3-0E3EAC44640F}"
EndProject
Global
	GlobalSection(SolutionConfigurationPlatforms) = preSolution
		Debug|Any CPU = Debug|Any CPU
		Release|Any CPU = Release|Any CPU
	EndGlobalSection
	GlobalSection(ProjectConfigurationPlatforms) = postSolution
		{F8CCBF41-D359-4A24-8BE2-9789DFA7341F}.Debug|Any CPU.ActiveCfg = Debug|Any CPU
		{F8CCBF41-D359-4A24-8BE2-9789DFA7341F}.Debug|Any CPU.Build.0 = Debug|Any CPU
		{F8CCBF41-D359-4A24-8BE2-9789DFA7341F}.Release|Any CPU.ActiveCfg = Release|Any CPU
		{F8CCBF41-D359-4A24-8BE2-9789DFA7341F}.Release|Any CPU.Build.0 = Release|Any CPU
		{7BC33A39-5F76-4611-BBC2-436946989F72}.Debug|Any CPU.ActiveCfg = Debug|Any CPU
		{7BC33A39-5F76-4611-BBC2-436946989F72}.Debug|Any CPU.Build.0 = Debug|Any CPU
		{7BC33A39-5F76-4611-BBC2-436946989F72}.Release|Any CPU.ActiveCfg = Release|Any CPU
		{7BC33A39-5F76-4611-BBC2-436946989F72}.Release|Any CPU.Build.0 = Release|Any CPU
		{0A64C9C5-B997-4764-9F70-A3A767D5DEB5}.Debug|Any CPU.ActiveCfg = Debug|Any CPU
		{0A64C9C5-B997-4764-9F70-A3A767D5DEB5}.Debug|Any CPU.Build.0 = Debug|Any CPU
		{0A64C9C5-B997-4764-9F70-A3A767D5DEB5}.Release|Any CPU.ActiveCfg = Release|Any CPU
		{0A64C9C5-B997-4764-9F70-A3A767D5DEB5}.Release|Any CPU.Build.0 = Release|Any CPU
		{7E2130E5-7C3B-47BF-880A-ED52CE4C37B4}.Debug|Any CPU.ActiveCfg = Debug|Any CPU
		{7E2130E5-7C3B-47BF-880A-ED52CE4C37B4}.Debug|Any CPU.Build.0 = Debug|Any CPU
		{7E2130E5-7C3B-47BF-880A-ED52CE4C37B4}.Release|Any CPU.ActiveCfg = Release|Any CPU
		{7E2130E5-7C3B-47BF-880A-ED52CE4C37B4}.Release|Any CPU.Build.0 = Release|Any CPU
		{2E923136-0107-4D2A-8C05-CA088676BA8F}.Debug|Any CPU.ActiveCfg = Debug|Any CPU
		{2E923136-0107-4D2A-8C05-CA088676BA8F}.Debug|Any CPU.Build.0 = Debug|Any CPU
		{2E923136-0107-4D2A-8C05-CA088676BA8F}.Release|Any CPU.ActiveCfg = Release|Any CPU
		{2E923136-0107-4D2A-8C05-CA088676BA8F}.Release|Any CPU.Build.0 = Release|Any CPU
		{69B17087-A709-4D8C-873C-DBFABCE75CCA}.Debug|Any CPU.ActiveCfg = Debug|Any CPU
		{69B17087-A709-4D8C-873C-DBFABCE75CCA}.Debug|Any CPU.Build.0 = Debug|Any CPU
		{69B17087-A709-4D8C-873C-DBFABCE75CCA}.Release|Any CPU.ActiveCfg = Release|Any CPU
		{69B17087-A709-4D8C-873C-DBFABCE75CCA}.Release|Any CPU.Build.0 = Release|Any CPU
		{25C2FF95-4C9D-4885-8ED6-A7F1C61CB06B}.Debug|Any CPU.ActiveCfg = Debug|Any CPU
		{25C2FF95-4C9D-4885-8ED6-A7F1C61CB06B}.Debug|Any CPU.Build.0 = Debug|Any CPU
		{25C2FF95-4C9D-4885-8ED6-A7F1C61CB06B}.Release|Any CPU.ActiveCfg = Release|Any CPU
		{25C2FF95-4C9D-4885-8ED6-A7F1C61CB06B}.Release|Any CPU.Build.0 = Release|Any CPU
		{637E4E04-7CAC-4989-82E3-0E3EAC44640F}.Debug|Any CPU.ActiveCfg = Debug|Any CPU
		{637E4E04-7CAC-4989-82E3-0E3EAC44640F}.Debug|Any CPU.Build.0 = Debug|Any CPU
		{637E4E04-7CAC-4989-82E3-0E3EAC44640F}.Release|Any CPU.ActiveCfg = Release|Any CPU
		{637E4E04-7CAC-4989-82E3-0E3EAC44640F}.Release|Any CPU.Build.0 = Release|Any CPU
	EndGlobalSection
	GlobalSection(SolutionProperties) = preSolution
		HideSolutionNode = FALSE
	EndGlobalSection
	GlobalSection(NestedProjects) = preSolution
		{F8CCBF41-D359-4A24-8BE2-9789DFA7341F} = {1B953614-E1EF-4E98-92AE-7466923C659D}
		{7BC33A39-5F76-4611-BBC2-436946989F72} = {2303A4B8-6C3B-467A-8B5D-1A76BAB6F099}
		{0A64C9C5-B997-4764-9F70-A3A767D5DEB5} = {954D98B3-9A65-4039-9778-463E2F394492}
		{7E2130E5-7C3B-47BF-880A-ED52CE4C37B4} = {5FF063C5-FE09-4EEE-8770-D1F1BB024C36}
		{2E923136-0107-4D2A-8C05-CA088676BA8F} = {3304C25B-1B03-4F88-8B10-0A896C178A58}
		{69B17087-A709-4D8C-873C-DBFABCE75CCA} = {60CC0563-5FA6-460D-9AA4-32A8ED4B3C36}
		{25C2FF95-4C9D-4885-8ED6-A7F1C61CB06B} = {1B953614-E1EF-4E98-92AE-7466923C659D}
		{637E4E04-7CAC-4989-82E3-0E3EAC44640F} = {80D48C58-7AD7-4B66-B46B-D96A07C79CBE}
	EndGlobalSection
	GlobalSection(ExtensibilityGlobals) = postSolution
		SolutionGuid = {846A36C7-FDD0-40D8-AF2A-E5148B052948}
	EndGlobalSection
EndGlobal
